
Microsoft Visual Studio Solution File, Format Version 12.00
# Visual Studio 15
Project("{FAE04EC0-301F-11D3-BF4B-00C04F79EFBC}") = "Puzzle_AR", "Puzzle_AR.csproj", "{103F4BD9-821E-0130-1022-0DA8DC20E43B}"
EndProject
Project("{FAE04EC0-301F-11D3-BF4B-00C04F79EFBC}") = "Puzzle_AR.Editor", "Puzzle_AR.Editor.csproj", "{B0821962-738F-6CC4-A484-18F566031308}"
EndProject
Global
	GlobalSection(SolutionConfigurationPlatforms) = preSolution
		Debug|Any CPU = Debug|Any CPU
		Release|Any CPU = Release|Any CPU
	EndGlobalSection
	GlobalSection(ProjectConfigurationPlatforms) = postSolution
		{103F4BD9-821E-0130-1022-0DA8DC20E43B}.Debug|Any CPU.ActiveCfg = Debug|Any CPU
		{103F4BD9-821E-0130-1022-0DA8DC20E43B}.Debug|Any CPU.Build.0 = Debug|Any CPU
		{103F4BD9-821E-0130-1022-0DA8DC20E43B}.Release|Any CPU.ActiveCfg = Release|Any CPU
		{103F4BD9-821E-0130-1022-0DA8DC20E43B}.Release|Any CPU.Build.0 = Release|Any CPU
		{B0821962-738F-6CC4-A484-18F566031308}.Debug|Any CPU.ActiveCfg = Debug|Any CPU
		{B0821962-738F-6CC4-A484-18F566031308}.Debug|Any CPU.Build.0 = Debug|Any CPU
		{B0821962-738F-6CC4-A484-18F566031308}.Release|Any CPU.ActiveCfg = Release|Any CPU
		{B0821962-738F-6CC4-A484-18F566031308}.Release|Any CPU.Build.0 = Release|Any CPU
	EndGlobalSection
	GlobalSection(SolutionProperties) = preSolution
		HideSolutionNode = FALSE
	EndGlobalSection
EndGlobal
