
Microsoft Visual Studio Solution File, Format Version 12.00
# Visual Studio 15
Project("{FAE04EC0-301F-11D3-BF4B-00C04F79EFBC}") = "Puzzle-master", "Puzzle-master.csproj", "{C97D6B26-191D-C9F5-BEA9-D3F1428E1541}"
EndProject
Project("{FAE04EC0-301F-11D3-BF4B-00C04F79EFBC}") = "Puzzle-master.Editor", "Puzzle-master.Editor.csproj", "{9C321FAB-B58B-5F08-8E05-B3FFC1B28EA2}"
EndProject
Global
	GlobalSection(SolutionConfigurationPlatforms) = preSolution
		Debug|Any CPU = Debug|Any CPU
		Release|Any CPU = Release|Any CPU
	EndGlobalSection
	GlobalSection(ProjectConfigurationPlatforms) = postSolution
		{C97D6B26-191D-C9F5-BEA9-D3F1428E1541}.Debug|Any CPU.ActiveCfg = Debug|Any CPU
		{C97D6B26-191D-C9F5-BEA9-D3F1428E1541}.Debug|Any CPU.Build.0 = Debug|Any CPU
		{C97D6B26-191D-C9F5-BEA9-D3F1428E1541}.Release|Any CPU.ActiveCfg = Release|Any CPU
		{C97D6B26-191D-C9F5-BEA9-D3F1428E1541}.Release|Any CPU.Build.0 = Release|Any CPU
		{9C321FAB-B58B-5F08-8E05-B3FFC1B28EA2}.Debug|Any CPU.ActiveCfg = Debug|Any CPU
		{9C321FAB-B58B-5F08-8E05-B3FFC1B28EA2}.Debug|Any CPU.Build.0 = Debug|Any CPU
		{9C321FAB-B58B-5F08-8E05-B3FFC1B28EA2}.Release|Any CPU.ActiveCfg = Release|Any CPU
		{9C321FAB-B58B-5F08-8E05-B3FFC1B28EA2}.Release|Any CPU.Build.0 = Release|Any CPU
	EndGlobalSection
	GlobalSection(SolutionProperties) = preSolution
		HideSolutionNode = FALSE
	EndGlobalSection
EndGlobal
